// !$*UTF8*$!
{
	archiveVersion = 1;
	classes = {
	};
	objectVersion = 55;
	objects = {

/* Begin PBXBuildFile section */
		FB56788F2816EFC100EB01EC /* AppDelegate.swift in Sources */ = {isa = PBXBuildFile; fileRef = FB56788E2816EFC100EB01EC /* AppDelegate.swift */; };
		FB5678912816EFC100EB01EC /* SceneDelegate.swift in Sources */ = {isa = PBXBuildFile; fileRef = FB5678902816EFC100EB01EC /* SceneDelegate.swift */; };
		FB5678962816EFC100EB01EC /* Main.storyboard in Resources */ = {isa = PBXBuildFile; fileRef = FB5678942816EFC100EB01EC /* Main.storyboard */; };
		FB56789B2816EFC500EB01EC /* LaunchScreen.storyboard in Resources */ = {isa = PBXBuildFile; fileRef = FB5678992816EFC500EB01EC /* LaunchScreen.storyboard */; };
		FB5678A3281702DB00EB01EC /* Assets.xcassets in Resources */ = {isa = PBXBuildFile; fileRef = FB5678A2281702DB00EB01EC /* Assets.xcassets */; };
		FB5678A628170BC000EB01EC /* ExploreViewController.swift in Sources */ = {isa = PBXBuildFile; fileRef = FB5678A528170BC000EB01EC /* ExploreViewController.swift */; };
		FB5678A928182D6900EB01EC /* RestaurantListViewController.swift in Sources */ = {isa = PBXBuildFile; fileRef = FB5678A828182D6900EB01EC /* RestaurantListViewController.swift */; };
		FBD58418283FFDAB0007E5E6 /* MapLocations.plist in Resources */ = {isa = PBXBuildFile; fileRef = FBD58417283FFDAB0007E5E6 /* MapLocations.plist */; };
		FBD5841A2840E6060007E5E6 /* RestaurantItem.swift in Sources */ = {isa = PBXBuildFile; fileRef = FBD584192840E6060007E5E6 /* RestaurantItem.swift */; };
		FBD5841C2840E78A0007E5E6 /* MapDataManager.swift in Sources */ = {isa = PBXBuildFile; fileRef = FBD5841B2840E78A0007E5E6 /* MapDataManager.swift */; };
		FBD5841F2840EC2F0007E5E6 /* DataManager.swift in Sources */ = {isa = PBXBuildFile; fileRef = FBD5841E2840EC2F0007E5E6 /* DataManager.swift */; };
		FBD58421284119F30007E5E6 /* MapViewController.swift in Sources */ = {isa = PBXBuildFile; fileRef = FBD58420284119F30007E5E6 /* MapViewController.swift */; };
		FBD584242847BC640007E5E6 /* RestaurantDetail.storyboard in Resources */ = {isa = PBXBuildFile; fileRef = FBD584232847BC640007E5E6 /* RestaurantDetail.storyboard */; };
		FBD584272847BD000007E5E6 /* ReviewForm.storyboard in Resources */ = {isa = PBXBuildFile; fileRef = FBD584262847BD000007E5E6 /* ReviewForm.storyboard */; };
		FBD5842A2847BD190007E5E6 /* PhotoFilter.storyboard in Resources */ = {isa = PBXBuildFile; fileRef = FBD584292847BD190007E5E6 /* PhotoFilter.storyboard */; };
		FBD5842C2847BF890007E5E6 /* Segue.swift in Sources */ = {isa = PBXBuildFile; fileRef = FBD5842B2847BF890007E5E6 /* Segue.swift */; };
		FBD5842E2847C6890007E5E6 /* RestaurantDetailViewController.swift in Sources */ = {isa = PBXBuildFile; fileRef = FBD5842D2847C6890007E5E6 /* RestaurantDetailViewController.swift */; };
		FBD5843E2848E5DC0007E5E6 /* Philadelphia.json in Resources */ = {isa = PBXBuildFile; fileRef = FBD584302848E5DB0007E5E6 /* Philadelphia.json */; };
		FBD5843F2848E5DC0007E5E6 /* Charleston.json in Resources */ = {isa = PBXBuildFile; fileRef = FBD584312848E5DB0007E5E6 /* Charleston.json */; };
		FBD584402848E5DC0007E5E6 /* Aspen.json in Resources */ = {isa = PBXBuildFile; fileRef = FBD584322848E5DB0007E5E6 /* Aspen.json */; };
		FBD584412848E5DC0007E5E6 /* Boston.json in Resources */ = {isa = PBXBuildFile; fileRef = FBD584332848E5DB0007E5E6 /* Boston.json */; };
		FBD584422848E5DC0007E5E6 /* Miami.json in Resources */ = {isa = PBXBuildFile; fileRef = FBD584342848E5DB0007E5E6 /* Miami.json */; };
		FBD584432848E5DC0007E5E6 /* Las Vegas.json in Resources */ = {isa = PBXBuildFile; fileRef = FBD584352848E5DB0007E5E6 /* Las Vegas.json */; };
		FBD584442848E5DC0007E5E6 /* Houston.json in Resources */ = {isa = PBXBuildFile; fileRef = FBD584362848E5DB0007E5E6 /* Houston.json */; };
		FBD584452848E5DC0007E5E6 /* Portland.json in Resources */ = {isa = PBXBuildFile; fileRef = FBD584372848E5DB0007E5E6 /* Portland.json */; };
		FBD584462848E5DC0007E5E6 /* Los Angeles.json in Resources */ = {isa = PBXBuildFile; fileRef = FBD584382848E5DB0007E5E6 /* Los Angeles.json */; };
		FBD584472848E5DC0007E5E6 /* San Antonio.json in Resources */ = {isa = PBXBuildFile; fileRef = FBD584392848E5DB0007E5E6 /* San Antonio.json */; };
		FBD584482848E5DC0007E5E6 /* New Orleans.json in Resources */ = {isa = PBXBuildFile; fileRef = FBD5843A2848E5DB0007E5E6 /* New Orleans.json */; };
		FBD584492848E5DC0007E5E6 /* New York.json in Resources */ = {isa = PBXBuildFile; fileRef = FBD5843B2848E5DB0007E5E6 /* New York.json */; };
		FBD5844A2848E5DC0007E5E6 /* San Francisco.json in Resources */ = {isa = PBXBuildFile; fileRef = FBD5843C2848E5DB0007E5E6 /* San Francisco.json */; };
		FBD5844B2848E5DC0007E5E6 /* Chicago.json in Resources */ = {isa = PBXBuildFile; fileRef = FBD5843D2848E5DC0007E5E6 /* Chicago.json */; };
		FBD5844E2848E7470007E5E6 /* RestaurantDataManager.swift in Sources */ = {isa = PBXBuildFile; fileRef = FBD5844D2848E7470007E5E6 /* RestaurantDataManager.swift */; };
		FBD584502849464D0007E5E6 /* LocationItem.swift in Sources */ = {isa = PBXBuildFile; fileRef = FBD5844F2849464D0007E5E6 /* LocationItem.swift */; };
		FBD58452284A739C0007E5E6 /* ExploreHeaderView.swift in Sources */ = {isa = PBXBuildFile; fileRef = FBD58451284A739C0007E5E6 /* ExploreHeaderView.swift */; };
		FBEE614F281AEACC0088089A /* ExploreData.plist in Resources */ = {isa = PBXBuildFile; fileRef = FBEE614E281AEACC0088089A /* ExploreData.plist */; };
		FBEE6151281AF2D10088089A /* ExploreItem.swift in Sources */ = {isa = PBXBuildFile; fileRef = FBEE6150281AF2D10088089A /* ExploreItem.swift */; };
		FBEE6153281AF9030088089A /* ExploreDataManager.swift in Sources */ = {isa = PBXBuildFile; fileRef = FBEE6152281AF9030088089A /* ExploreDataManager.swift */; };
		FBEE6156281C33C50088089A /* ExploreCell.swift in Sources */ = {isa = PBXBuildFile; fileRef = FBEE6155281C33C50088089A /* ExploreCell.swift */; };
		FBEE615B28215E720088089A /* LocationViewController.swift in Sources */ = {isa = PBXBuildFile; fileRef = FBEE615A28215E720088089A /* LocationViewController.swift */; };
		FBEE615D2821654B0088089A /* Locations.plist in Resources */ = {isa = PBXBuildFile; fileRef = FBEE615C2821654B0088089A /* Locations.plist */; };
		FBEE615F2821690A0088089A /* LocationDataManager.swift in Sources */ = {isa = PBXBuildFile; fileRef = FBEE615E282169090088089A /* LocationDataManager.swift */; };
/* End PBXBuildFile section */

/* Begin PBXFileReference section */
		FB56788B2816EFC100EB01EC /* LetsEat.app */ = {isa = PBXFileReference; explicitFileType = wrapper.application; includeInIndex = 0; path = LetsEat.app; sourceTree = BUILT_PRODUCTS_DIR; };
		FB56788E2816EFC100EB01EC /* AppDelegate.swift */ = {isa = PBXFileReference; lastKnownFileType = sourcecode.swift; path = AppDelegate.swift; sourceTree = "<group>"; };
		FB5678902816EFC100EB01EC /* SceneDelegate.swift */ = {isa = PBXFileReference; lastKnownFileType = sourcecode.swift; path = SceneDelegate.swift; sourceTree = "<group>"; };
		FB5678952816EFC100EB01EC /* Base */ = {isa = PBXFileReference; lastKnownFileType = file.storyboard; name = Base; path = Base.lproj/Main.storyboard; sourceTree = "<group>"; };
		FB56789A2816EFC500EB01EC /* Base */ = {isa = PBXFileReference; lastKnownFileType = file.storyboard; name = Base; path = Base.lproj/LaunchScreen.storyboard; sourceTree = "<group>"; };
		FB56789C2816EFC500EB01EC /* Info.plist */ = {isa = PBXFileReference; lastKnownFileType = text.plist.xml; path = Info.plist; sourceTree = "<group>"; };
		FB5678A2281702DB00EB01EC /* Assets.xcassets */ = {isa = PBXFileReference; lastKnownFileType = folder.assetcatalog; path = Assets.xcassets; sourceTree = "<group>"; };
		FB5678A528170BC000EB01EC /* ExploreViewController.swift */ = {isa = PBXFileReference; lastKnownFileType = sourcecode.swift; path = ExploreViewController.swift; sourceTree = "<group>"; };
		FB5678A828182D6900EB01EC /* RestaurantListViewController.swift */ = {isa = PBXFileReference; lastKnownFileType = sourcecode.swift; path = RestaurantListViewController.swift; sourceTree = "<group>"; };
		FBD58417283FFDAB0007E5E6 /* MapLocations.plist */ = {isa = PBXFileReference; fileEncoding = 4; lastKnownFileType = text.plist.xml; path = MapLocations.plist; sourceTree = "<group>"; };
		FBD584192840E6060007E5E6 /* RestaurantItem.swift */ = {isa = PBXFileReference; lastKnownFileType = sourcecode.swift; path = RestaurantItem.swift; sourceTree = "<group>"; };
		FBD5841B2840E78A0007E5E6 /* MapDataManager.swift */ = {isa = PBXFileReference; lastKnownFileType = sourcecode.swift; path = MapDataManager.swift; sourceTree = "<group>"; };
		FBD5841E2840EC2F0007E5E6 /* DataManager.swift */ = {isa = PBXFileReference; lastKnownFileType = sourcecode.swift; path = DataManager.swift; sourceTree = "<group>"; };
		FBD58420284119F30007E5E6 /* MapViewController.swift */ = {isa = PBXFileReference; lastKnownFileType = sourcecode.swift; path = MapViewController.swift; sourceTree = "<group>"; };
		FBD584232847BC640007E5E6 /* RestaurantDetail.storyboard */ = {isa = PBXFileReference; fileEncoding = 4; lastKnownFileType = file.storyboard; path = RestaurantDetail.storyboard; sourceTree = "<group>"; };
		FBD584262847BD000007E5E6 /* ReviewForm.storyboard */ = {isa = PBXFileReference; fileEncoding = 4; lastKnownFileType = file.storyboard; path = ReviewForm.storyboard; sourceTree = "<group>"; };
		FBD584292847BD190007E5E6 /* PhotoFilter.storyboard */ = {isa = PBXFileReference; fileEncoding = 4; lastKnownFileType = file.storyboard; path = PhotoFilter.storyboard; sourceTree = "<group>"; };
		FBD5842B2847BF890007E5E6 /* Segue.swift */ = {isa = PBXFileReference; lastKnownFileType = sourcecode.swift; path = Segue.swift; sourceTree = "<group>"; };
		FBD5842D2847C6890007E5E6 /* RestaurantDetailViewController.swift */ = {isa = PBXFileReference; lastKnownFileType = sourcecode.swift; path = RestaurantDetailViewController.swift; sourceTree = "<group>"; };
		FBD584302848E5DB0007E5E6 /* Philadelphia.json */ = {isa = PBXFileReference; fileEncoding = 4; lastKnownFileType = text.json; path = Philadelphia.json; sourceTree = "<group>"; };
		FBD584312848E5DB0007E5E6 /* Charleston.json */ = {isa = PBXFileReference; fileEncoding = 4; lastKnownFileType = text.json; path = Charleston.json; sourceTree = "<group>"; };
		FBD584322848E5DB0007E5E6 /* Aspen.json */ = {isa = PBXFileReference; fileEncoding = 4; lastKnownFileType = text.json; path = Aspen.json; sourceTree = "<group>"; };
		FBD584332848E5DB0007E5E6 /* Boston.json */ = {isa = PBXFileReference; fileEncoding = 4; lastKnownFileType = text.json; path = Boston.json; sourceTree = "<group>"; };
		FBD584342848E5DB0007E5E6 /* Miami.json */ = {isa = PBXFileReference; fileEncoding = 4; lastKnownFileType = text.json; path = Miami.json; sourceTree = "<group>"; };
		FBD584352848E5DB0007E5E6 /* Las Vegas.json */ = {isa = PBXFileReference; fileEncoding = 4; lastKnownFileType = text.json; path = "Las Vegas.json"; sourceTree = "<group>"; };
		FBD584362848E5DB0007E5E6 /* Houston.json */ = {isa = PBXFileReference; fileEncoding = 4; lastKnownFileType = text.json; path = Houston.json; sourceTree = "<group>"; };
		FBD584372848E5DB0007E5E6 /* Portland.json */ = {isa = PBXFileReference; fileEncoding = 4; lastKnownFileType = text.json; path = Portland.json; sourceTree = "<group>"; };
		FBD584382848E5DB0007E5E6 /* Los Angeles.json */ = {isa = PBXFileReference; fileEncoding = 4; lastKnownFileType = text.json; path = "Los Angeles.json"; sourceTree = "<group>"; };
		FBD584392848E5DB0007E5E6 /* San Antonio.json */ = {isa = PBXFileReference; fileEncoding = 4; lastKnownFileType = text.json; path = "San Antonio.json"; sourceTree = "<group>"; };
		FBD5843A2848E5DB0007E5E6 /* New Orleans.json */ = {isa = PBXFileReference; fileEncoding = 4; lastKnownFileType = text.json; path = "New Orleans.json"; sourceTree = "<group>"; };
		FBD5843B2848E5DB0007E5E6 /* New York.json */ = {isa = PBXFileReference; fileEncoding = 4; lastKnownFileType = text.json; path = "New York.json"; sourceTree = "<group>"; };
		FBD5843C2848E5DB0007E5E6 /* San Francisco.json */ = {isa = PBXFileReference; fileEncoding = 4; lastKnownFileType = text.json; path = "San Francisco.json"; sourceTree = "<group>"; };
		FBD5843D2848E5DC0007E5E6 /* Chicago.json */ = {isa = PBXFileReference; fileEncoding = 4; lastKnownFileType = text.json; path = Chicago.json; sourceTree = "<group>"; };
		FBD5844D2848E7470007E5E6 /* RestaurantDataManager.swift */ = {isa = PBXFileReference; lastKnownFileType = sourcecode.swift; path = RestaurantDataManager.swift; sourceTree = "<group>"; };
		FBD5844F2849464D0007E5E6 /* LocationItem.swift */ = {isa = PBXFileReference; lastKnownFileType = sourcecode.swift; path = LocationItem.swift; sourceTree = "<group>"; };
		FBD58451284A739C0007E5E6 /* ExploreHeaderView.swift */ = {isa = PBXFileReference; lastKnownFileType = sourcecode.swift; path = ExploreHeaderView.swift; sourceTree = "<group>"; };
		FBEE614E281AEACC0088089A /* ExploreData.plist */ = {isa = PBXFileReference; fileEncoding = 4; lastKnownFileType = text.plist.xml; path = ExploreData.plist; sourceTree = "<group>"; };
		FBEE6150281AF2D10088089A /* ExploreItem.swift */ = {isa = PBXFileReference; lastKnownFileType = sourcecode.swift; path = ExploreItem.swift; sourceTree = "<group>"; };
		FBEE6152281AF9030088089A /* ExploreDataManager.swift */ = {isa = PBXFileReference; lastKnownFileType = sourcecode.swift; path = ExploreDataManager.swift; sourceTree = "<group>"; };
		FBEE6155281C33C50088089A /* ExploreCell.swift */ = {isa = PBXFileReference; lastKnownFileType = sourcecode.swift; path = ExploreCell.swift; sourceTree = "<group>"; };
		FBEE615A28215E720088089A /* LocationViewController.swift */ = {isa = PBXFileReference; lastKnownFileType = sourcecode.swift; path = LocationViewController.swift; sourceTree = "<group>"; };
		FBEE615C2821654B0088089A /* Locations.plist */ = {isa = PBXFileReference; lastKnownFileType = text.plist.xml; path = Locations.plist; sourceTree = "<group>"; };
		FBEE615E282169090088089A /* LocationDataManager.swift */ = {isa = PBXFileReference; lastKnownFileType = sourcecode.swift; path = LocationDataManager.swift; sourceTree = "<group>"; };
/* End PBXFileReference section */

/* Begin PBXFrameworksBuildPhase section */
		FB5678882816EFC100EB01EC /* Frameworks */ = {
			isa = PBXFrameworksBuildPhase;
			buildActionMask = 2147483647;
			files = (
			);
			runOnlyForDeploymentPostprocessing = 0;
		};
/* End PBXFrameworksBuildPhase section */

/* Begin PBXGroup section */
		FB5678822816EFC000EB01EC = {
			isa = PBXGroup;
			children = (
				FB56788D2816EFC100EB01EC /* LetsEat */,
				FB56788C2816EFC100EB01EC /* Products */,
			);
			sourceTree = "<group>";
		};
		FB56788C2816EFC100EB01EC /* Products */ = {
			isa = PBXGroup;
			children = (
				FB56788B2816EFC100EB01EC /* LetsEat.app */,
			);
			name = Products;
			sourceTree = "<group>";
		};
		FB56788D2816EFC100EB01EC /* LetsEat */ = {
			isa = PBXGroup;
			children = (
				FBD584282847BD090007E5E6 /* PhotoFilter */,
				FBD584252847BCEB0007E5E6 /* ReviewForm */,
				FBD584222847BC3F0007E5E6 /* RestaurantDetail */,
				FBD5841D2840EC120007E5E6 /* Misc */,
				FBD58415283FFD500007E5E6 /* Map */,
				FBEE615728215E0C0088089A /* Location */,
				FB5678A728182D3500EB01EC /* Restaurants */,
				FB5678A428170B7800EB01EC /* Explore */,
				FB56788E2816EFC100EB01EC /* AppDelegate.swift */,
				FB5678902816EFC100EB01EC /* SceneDelegate.swift */,
				FB5678942816EFC100EB01EC /* Main.storyboard */,
				FB5678992816EFC500EB01EC /* LaunchScreen.storyboard */,
				FB56789C2816EFC500EB01EC /* Info.plist */,
				FB5678A2281702DB00EB01EC /* Assets.xcassets */,
			);
			path = LetsEat;
			sourceTree = "<group>";
		};
		FB5678A428170B7800EB01EC /* Explore */ = {
			isa = PBXGroup;
			children = (
				FBEE614D281AEAB40088089A /* Model */,
				FBEE6154281C33930088089A /* View */,
				FB5678A528170BC000EB01EC /* ExploreViewController.swift */,
			);
			path = Explore;
			sourceTree = "<group>";
		};
		FB5678A728182D3500EB01EC /* Restaurants */ = {
			isa = PBXGroup;
			children = (
				FBD5844C2848E72C0007E5E6 /* Model */,
				FB5678A828182D6900EB01EC /* RestaurantListViewController.swift */,
			);
			path = Restaurants;
			sourceTree = "<group>";
		};
		FBD58415283FFD500007E5E6 /* Map */ = {
			isa = PBXGroup;
			children = (
				FBD58416283FFD5D0007E5E6 /* Model */,
				FBD58420284119F30007E5E6 /* MapViewController.swift */,
			);
			path = Map;
			sourceTree = "<group>";
		};
		FBD58416283FFD5D0007E5E6 /* Model */ = {
			isa = PBXGroup;
			children = (
				FBD58417283FFDAB0007E5E6 /* MapLocations.plist */,
				FBD584192840E6060007E5E6 /* RestaurantItem.swift */,
				FBD5841B2840E78A0007E5E6 /* MapDataManager.swift */,
			);
			path = Model;
			sourceTree = "<group>";
		};
		FBD5841D2840EC120007E5E6 /* Misc */ = {
			isa = PBXGroup;
			children = (
				FBD5842F2848E57C0007E5E6 /* JSON */,
				FBD5841E2840EC2F0007E5E6 /* DataManager.swift */,
				FBD5842B2847BF890007E5E6 /* Segue.swift */,
			);
			path = Misc;
			sourceTree = "<group>";
		};
		FBD584222847BC3F0007E5E6 /* RestaurantDetail */ = {
			isa = PBXGroup;
			children = (
				FBD584232847BC640007E5E6 /* RestaurantDetail.storyboard */,
				FBD5842D2847C6890007E5E6 /* RestaurantDetailViewController.swift */,
			);
			path = RestaurantDetail;
			sourceTree = "<group>";
		};
		FBD584252847BCEB0007E5E6 /* ReviewForm */ = {
			isa = PBXGroup;
			children = (
				FBD584262847BD000007E5E6 /* ReviewForm.storyboard */,
			);
			path = ReviewForm;
			sourceTree = "<group>";
		};
		FBD584282847BD090007E5E6 /* PhotoFilter */ = {
			isa = PBXGroup;
			children = (
				FBD584292847BD190007E5E6 /* PhotoFilter.storyboard */,
			);
			path = PhotoFilter;
			sourceTree = "<group>";
		};
		FBD5842F2848E57C0007E5E6 /* JSON */ = {
			isa = PBXGroup;
			children = (
				FBD584322848E5DB0007E5E6 /* Aspen.json */,
				FBD584332848E5DB0007E5E6 /* Boston.json */,
				FBD584312848E5DB0007E5E6 /* Charleston.json */,
				FBD5843D2848E5DC0007E5E6 /* Chicago.json */,
				FBD584362848E5DB0007E5E6 /* Houston.json */,
				FBD584352848E5DB0007E5E6 /* Las Vegas.json */,
				FBD584382848E5DB0007E5E6 /* Los Angeles.json */,
				FBD584342848E5DB0007E5E6 /* Miami.json */,
				FBD5843A2848E5DB0007E5E6 /* New Orleans.json */,
				FBD5843B2848E5DB0007E5E6 /* New York.json */,
				FBD584302848E5DB0007E5E6 /* Philadelphia.json */,
				FBD584372848E5DB0007E5E6 /* Portland.json */,
				FBD584392848E5DB0007E5E6 /* San Antonio.json */,
				FBD5843C2848E5DB0007E5E6 /* San Francisco.json */,
			);
			path = JSON;
			sourceTree = "<group>";
		};
		FBD5844C2848E72C0007E5E6 /* Model */ = {
			isa = PBXGroup;
			children = (
				FBD5844D2848E7470007E5E6 /* RestaurantDataManager.swift */,
			);
			path = Model;
			sourceTree = "<group>";
		};
		FBEE614D281AEAB40088089A /* Model */ = {
			isa = PBXGroup;
			children = (
				FBEE614E281AEACC0088089A /* ExploreData.plist */,
				FBEE6150281AF2D10088089A /* ExploreItem.swift */,
				FBEE6152281AF9030088089A /* ExploreDataManager.swift */,
			);
			path = Model;
			sourceTree = "<group>";
		};
		FBEE6154281C33930088089A /* View */ = {
			isa = PBXGroup;
			children = (
				FBEE6155281C33C50088089A /* ExploreCell.swift */,
				FBD58451284A739C0007E5E6 /* ExploreHeaderView.swift */,
			);
			path = View;
			sourceTree = "<group>";
		};
		FBEE615728215E0C0088089A /* Location */ = {
			isa = PBXGroup;
			children = (
				FBEE615928215E290088089A /* Modal */,
				FBEE615828215E200088089A /* View */,
				FBEE615A28215E720088089A /* LocationViewController.swift */,
			);
			path = Location;
			sourceTree = "<group>";
		};
		FBEE615828215E200088089A /* View */ = {
			isa = PBXGroup;
			children = (
			);
			path = View;
			sourceTree = "<group>";
		};
		FBEE615928215E290088089A /* Modal */ = {
			isa = PBXGroup;
			children = (
				FBEE615C2821654B0088089A /* Locations.plist */,
				FBEE615E282169090088089A /* LocationDataManager.swift */,
				FBD5844F2849464D0007E5E6 /* LocationItem.swift */,
			);
			path = Modal;
			sourceTree = "<group>";
		};
/* End PBXGroup section */

/* Begin PBXNativeTarget section */
		FB56788A2816EFC100EB01EC /* LetsEat */ = {
			isa = PBXNativeTarget;
			buildConfigurationList = FB56789F2816EFC500EB01EC /* Build configuration list for PBXNativeTarget "LetsEat" */;
			buildPhases = (
				FB5678872816EFC100EB01EC /* Sources */,
				FB5678882816EFC100EB01EC /* Frameworks */,
				FB5678892816EFC100EB01EC /* Resources */,
			);
			buildRules = (
			);
			dependencies = (
			);
			name = LetsEat;
			productName = LetsEat;
			productReference = FB56788B2816EFC100EB01EC /* LetsEat.app */;
			productType = "com.apple.product-type.application";
		};
/* End PBXNativeTarget section */

/* Begin PBXProject section */
		FB5678832816EFC000EB01EC /* Project object */ = {
			isa = PBXProject;
			attributes = {
				BuildIndependentTargetsInParallel = 1;
				LastSwiftUpdateCheck = 1310;
				LastUpgradeCheck = 1310;
				TargetAttributes = {
					FB56788A2816EFC100EB01EC = {
						CreatedOnToolsVersion = 13.1;
					};
				};
			};
			buildConfigurationList = FB5678862816EFC000EB01EC /* Build configuration list for PBXProject "LetsEat" */;
			compatibilityVersion = "Xcode 13.0";
			developmentRegion = en;
			hasScannedForEncodings = 0;
			knownRegions = (
				en,
				Base,
			);
			mainGroup = FB5678822816EFC000EB01EC;
			productRefGroup = FB56788C2816EFC100EB01EC /* Products */;
			projectDirPath = "";
			projectRoot = "";
			targets = (
				FB56788A2816EFC100EB01EC /* LetsEat */,
			);
		};
/* End PBXProject section */

/* Begin PBXResourcesBuildPhase section */
		FB5678892816EFC100EB01EC /* Resources */ = {
			isa = PBXResourcesBuildPhase;
			buildActionMask = 2147483647;
			files = (
				FBEE614F281AEACC0088089A /* ExploreData.plist in Resources */,
				FBD584402848E5DC0007E5E6 /* Aspen.json in Resources */,
				FB56789B2816EFC500EB01EC /* LaunchScreen.storyboard in Resources */,
				FBD584462848E5DC0007E5E6 /* Los Angeles.json in Resources */,
				FBD5842A2847BD190007E5E6 /* PhotoFilter.storyboard in Resources */,
				FBD584442848E5DC0007E5E6 /* Houston.json in Resources */,
				FBD584492848E5DC0007E5E6 /* New York.json in Resources */,
				FBD584482848E5DC0007E5E6 /* New Orleans.json in Resources */,
				FBD584412848E5DC0007E5E6 /* Boston.json in Resources */,
				FBD584452848E5DC0007E5E6 /* Portland.json in Resources */,
				FBD5844B2848E5DC0007E5E6 /* Chicago.json in Resources */,
				FBD584472848E5DC0007E5E6 /* San Antonio.json in Resources */,
				FBD584272847BD000007E5E6 /* ReviewForm.storyboard in Resources */,
				FBD584432848E5DC0007E5E6 /* Las Vegas.json in Resources */,
				FBD5843F2848E5DC0007E5E6 /* Charleston.json in Resources */,
				FBD5843E2848E5DC0007E5E6 /* Philadelphia.json in Resources */,
				FB5678A3281702DB00EB01EC /* Assets.xcassets in Resources */,
				FBD584422848E5DC0007E5E6 /* Miami.json in Resources */,
				FBEE615D2821654B0088089A /* Locations.plist in Resources */,
				FBD584242847BC640007E5E6 /* RestaurantDetail.storyboard in Resources */,
				FBD58418283FFDAB0007E5E6 /* MapLocations.plist in Resources */,
				FBD5844A2848E5DC0007E5E6 /* San Francisco.json in Resources */,
				FB5678962816EFC100EB01EC /* Main.storyboard in Resources */,
			);
			runOnlyForDeploymentPostprocessing = 0;
		};
/* End PBXResourcesBuildPhase section */

/* Begin PBXSourcesBuildPhase section */
		FB5678872816EFC100EB01EC /* Sources */ = {
			isa = PBXSourcesBuildPhase;
			buildActionMask = 2147483647;
			files = (
				FBD584502849464D0007E5E6 /* LocationItem.swift in Sources */,
				FBD58452284A739C0007E5E6 /* ExploreHeaderView.swift in Sources */,
				FBEE6151281AF2D10088089A /* ExploreItem.swift in Sources */,
				FBD5841F2840EC2F0007E5E6 /* DataManager.swift in Sources */,
				FBD5841C2840E78A0007E5E6 /* MapDataManager.swift in Sources */,
				FBEE6156281C33C50088089A /* ExploreCell.swift in Sources */,
				FBD5844E2848E7470007E5E6 /* RestaurantDataManager.swift in Sources */,
				FB56788F2816EFC100EB01EC /* AppDelegate.swift in Sources */,
				FBD5842C2847BF890007E5E6 /* Segue.swift in Sources */,
				FB5678A928182D6900EB01EC /* RestaurantListViewController.swift in Sources */,
				FBD5842E2847C6890007E5E6 /* RestaurantDetailViewController.swift in Sources */,
				FBD58421284119F30007E5E6 /* MapViewController.swift in Sources */,
				FB5678912816EFC100EB01EC /* SceneDelegate.swift in Sources */,
				FB5678A628170BC000EB01EC /* ExploreViewController.swift in Sources */,
				FBEE6153281AF9030088089A /* ExploreDataManager.swift in Sources */,
				FBD5841A2840E6060007E5E6 /* RestaurantItem.swift in Sources */,
				FBEE615F2821690A0088089A /* LocationDataManager.swift in Sources */,
				FBEE615B28215E720088089A /* LocationViewController.swift in Sources */,
			);
			runOnlyForDeploymentPostprocessing = 0;
		};
/* End PBXSourcesBuildPhase section */

/* Begin PBXVariantGroup section */
		FB5678942816EFC100EB01EC /* Main.storyboard */ = {
			isa = PBXVariantGroup;
			children = (
				FB5678952816EFC100EB01EC /* Base */,
			);
			name = Main.storyboard;
			sourceTree = "<group>";
		};
		FB5678992816EFC500EB01EC /* LaunchScreen.storyboard */ = {
			isa = PBXVariantGroup;
			children = (
				FB56789A2816EFC500EB01EC /* Base */,
			);
			name = LaunchScreen.storyboard;
			sourceTree = "<group>";
		};
/* End PBXVariantGroup section */

/* Begin XCBuildConfiguration section */
		FB56789D2816EFC500EB01EC /* Debug */ = {
			isa = XCBuildConfiguration;
			buildSettings = {
				ALWAYS_SEARCH_USER_PATHS = NO;
				CLANG_ANALYZER_NONNULL = YES;
				CLANG_ANALYZER_NUMBER_OBJECT_CONVERSION = YES_AGGRESSIVE;
				CLANG_CXX_LANGUAGE_STANDARD = "gnu++17";
				CLANG_CXX_LIBRARY = "libc++";
				CLANG_ENABLE_MODULES = YES;
				CLANG_ENABLE_OBJC_ARC = YES;
				CLANG_ENABLE_OBJC_WEAK = YES;
				CLANG_WARN_BLOCK_CAPTURE_AUTORELEASING = YES;
				CLANG_WARN_BOOL_CONVERSION = YES;
				CLANG_WARN_COMMA = YES;
				CLANG_WARN_CONSTANT_CONVERSION = YES;
				CLANG_WARN_DEPRECATED_OBJC_IMPLEMENTATIONS = YES;
				CLANG_WARN_DIRECT_OBJC_ISA_USAGE = YES_ERROR;
				CLANG_WARN_DOCUMENTATION_COMMENTS = YES;
				CLANG_WARN_EMPTY_BODY = YES;
				CLANG_WARN_ENUM_CONVERSION = YES;
				CLANG_WARN_INFINITE_RECURSION = YES;
				CLANG_WARN_INT_CONVERSION = YES;
				CLANG_WARN_NON_LITERAL_NULL_CONVERSION = YES;
				CLANG_WARN_OBJC_IMPLICIT_RETAIN_SELF = YES;
				CLANG_WARN_OBJC_LITERAL_CONVERSION = YES;
				CLANG_WARN_OBJC_ROOT_CLASS = YES_ERROR;
				CLANG_WARN_QUOTED_INCLUDE_IN_FRAMEWORK_HEADER = YES;
				CLANG_WARN_RANGE_LOOP_ANALYSIS = YES;
				CLANG_WARN_STRICT_PROTOTYPES = YES;
				CLANG_WARN_SUSPICIOUS_MOVE = YES;
				CLANG_WARN_UNGUARDED_AVAILABILITY = YES_AGGRESSIVE;
				CLANG_WARN_UNREACHABLE_CODE = YES;
				CLANG_WARN__DUPLICATE_METHOD_MATCH = YES;
				COPY_PHASE_STRIP = NO;
				DEBUG_INFORMATION_FORMAT = dwarf;
				ENABLE_STRICT_OBJC_MSGSEND = YES;
				ENABLE_TESTABILITY = YES;
				GCC_C_LANGUAGE_STANDARD = gnu11;
				GCC_DYNAMIC_NO_PIC = NO;
				GCC_NO_COMMON_BLOCKS = YES;
				GCC_OPTIMIZATION_LEVEL = 0;
				GCC_PREPROCESSOR_DEFINITIONS = (
					"DEBUG=1",
					"$(inherited)",
				);
				GCC_WARN_64_TO_32_BIT_CONVERSION = YES;
				GCC_WARN_ABOUT_RETURN_TYPE = YES_ERROR;
				GCC_WARN_UNDECLARED_SELECTOR = YES;
				GCC_WARN_UNINITIALIZED_AUTOS = YES_AGGRESSIVE;
				GCC_WARN_UNUSED_FUNCTION = YES;
				GCC_WARN_UNUSED_VARIABLE = YES;
				IPHONEOS_DEPLOYMENT_TARGET = 15.0;
				MTL_ENABLE_DEBUG_INFO = INCLUDE_SOURCE;
				MTL_FAST_MATH = YES;
				ONLY_ACTIVE_ARCH = YES;
				SDKROOT = iphoneos;
				SWIFT_ACTIVE_COMPILATION_CONDITIONS = DEBUG;
				SWIFT_OPTIMIZATION_LEVEL = "-Onone";
			};
			name = Debug;
		};
		FB56789E2816EFC500EB01EC /* Release */ = {
			isa = XCBuildConfiguration;
			buildSettings = {
				ALWAYS_SEARCH_USER_PATHS = NO;
				CLANG_ANALYZER_NONNULL = YES;
				CLANG_ANALYZER_NUMBER_OBJECT_CONVERSION = YES_AGGRESSIVE;
				CLANG_CXX_LANGUAGE_STANDARD = "gnu++17";
				CLANG_CXX_LIBRARY = "libc++";
				CLANG_ENABLE_MODULES = YES;
				CLANG_ENABLE_OBJC_ARC = YES;
				CLANG_ENABLE_OBJC_WEAK = YES;
				CLANG_WARN_BLOCK_CAPTURE_AUTORELEASING = YES;
				CLANG_WARN_BOOL_CONVERSION = YES;
				CLANG_WARN_COMMA = YES;
				CLANG_WARN_CONSTANT_CONVERSION = YES;
				CLANG_WARN_DEPRECATED_OBJC_IMPLEMENTATIONS = YES;
				CLANG_WARN_DIRECT_OBJC_ISA_USAGE = YES_ERROR;
				CLANG_WARN_DOCUMENTATION_COMMENTS = YES;
				CLANG_WARN_EMPTY_BODY = YES;
				CLANG_WARN_ENUM_CONVERSION = YES;
				CLANG_WARN_INFINITE_RECURSION = YES;
				CLANG_WARN_INT_CONVERSION = YES;
				CLANG_WARN_NON_LITERAL_NULL_CONVERSION = YES;
				CLANG_WARN_OBJC_IMPLICIT_RETAIN_SELF = YES;
				CLANG_WARN_OBJC_LITERAL_CONVERSION = YES;
				CLANG_WARN_OBJC_ROOT_CLASS = YES_ERROR;
				CLANG_WARN_QUOTED_INCLUDE_IN_FRAMEWORK_HEADER = YES;
				CLANG_WARN_RANGE_LOOP_ANALYSIS = YES;
				CLANG_WARN_STRICT_PROTOTYPES = YES;
				CLANG_WARN_SUSPICIOUS_MOVE = YES;
				CLANG_WARN_UNGUARDED_AVAILABILITY = YES_AGGRESSIVE;
				CLANG_WARN_UNREACHABLE_CODE = YES;
				CLANG_WARN__DUPLICATE_METHOD_MATCH = YES;
				COPY_PHASE_STRIP = NO;
				DEBUG_INFORMATION_FORMAT = "dwarf-with-dsym";
				ENABLE_NS_ASSERTIONS = NO;
				ENABLE_STRICT_OBJC_MSGSEND = YES;
				GCC_C_LANGUAGE_STANDARD = gnu11;
				GCC_NO_COMMON_BLOCKS = YES;
				GCC_WARN_64_TO_32_BIT_CONVERSION = YES;
				GCC_WARN_ABOUT_RETURN_TYPE = YES_ERROR;
				GCC_WARN_UNDECLARED_SELECTOR = YES;
				GCC_WARN_UNINITIALIZED_AUTOS = YES_AGGRESSIVE;
				GCC_WARN_UNUSED_FUNCTION = YES;
				GCC_WARN_UNUSED_VARIABLE = YES;
				IPHONEOS_DEPLOYMENT_TARGET = 15.0;
				MTL_ENABLE_DEBUG_INFO = NO;
				MTL_FAST_MATH = YES;
				SDKROOT = iphoneos;
				SWIFT_COMPILATION_MODE = wholemodule;
				SWIFT_OPTIMIZATION_LEVEL = "-O";
				VALIDATE_PRODUCT = YES;
			};
			name = Release;
		};
		FB5678A02816EFC500EB01EC /* Debug */ = {
			isa = XCBuildConfiguration;
			buildSettings = {
				ASSETCATALOG_COMPILER_APPICON_NAME = AppIcon;
				ASSETCATALOG_COMPILER_GLOBAL_ACCENT_COLOR_NAME = AccentColor;
				CODE_SIGN_STYLE = Automatic;
				CURRENT_PROJECT_VERSION = 1;
				DEVELOPMENT_TEAM = 9UB7ZHBJQ4;
				GENERATE_INFOPLIST_FILE = YES;
				INFOPLIST_FILE = LetsEat/Info.plist;
				INFOPLIST_KEY_UIApplicationSupportsIndirectInputEvents = YES;
				INFOPLIST_KEY_UILaunchStoryboardName = LaunchScreen;
				INFOPLIST_KEY_UIMainStoryboardFile = Main;
				INFOPLIST_KEY_UISupportedInterfaceOrientations_iPad = "UIInterfaceOrientationPortrait UIInterfaceOrientationPortraitUpsideDown UIInterfaceOrientationLandscapeLeft UIInterfaceOrientationLandscapeRight";
				INFOPLIST_KEY_UISupportedInterfaceOrientations_iPhone = "UIInterfaceOrientationPortrait UIInterfaceOrientationLandscapeLeft UIInterfaceOrientationLandscapeRight";
				LD_RUNPATH_SEARCH_PATHS = (
					"$(inherited)",
					"@executable_path/Frameworks",
				);
				MARKETING_VERSION = 1.0;
				PRODUCT_BUNDLE_IDENTIFIER = com.denizcengiz.LetsEat;
				PRODUCT_NAME = "$(TARGET_NAME)";
				SWIFT_EMIT_LOC_STRINGS = YES;
				SWIFT_VERSION = 5.0;
				TARGETED_DEVICE_FAMILY = "1,2";
			};
			name = Debug;
		};
		FB5678A12816EFC500EB01EC /* Release */ = {
			isa = XCBuildConfiguration;
			buildSettings = {
				ASSETCATALOG_COMPILER_APPICON_NAME = AppIcon;
				ASSETCATALOG_COMPILER_GLOBAL_ACCENT_COLOR_NAME = AccentColor;
				CODE_SIGN_STYLE = Automatic;
				CURRENT_PROJECT_VERSION = 1;
				DEVELOPMENT_TEAM = 9UB7ZHBJQ4;
				GENERATE_INFOPLIST_FILE = YES;
				INFOPLIST_FILE = LetsEat/Info.plist;
				INFOPLIST_KEY_UIApplicationSupportsIndirectInputEvents = YES;
				INFOPLIST_KEY_UILaunchStoryboardName = LaunchScreen;
				INFOPLIST_KEY_UIMainStoryboardFile = Main;
				INFOPLIST_KEY_UISupportedInterfaceOrientations_iPad = "UIInterfaceOrientationPortrait UIInterfaceOrientationPortraitUpsideDown UIInterfaceOrientationLandscapeLeft UIInterfaceOrientationLandscapeRight";
				INFOPLIST_KEY_UISupportedInterfaceOrientations_iPhone = "UIInterfaceOrientationPortrait UIInterfaceOrientationLandscapeLeft UIInterfaceOrientationLandscapeRight";
				LD_RUNPATH_SEARCH_PATHS = (
					"$(inherited)",
					"@executable_path/Frameworks",
				);
				MARKETING_VERSION = 1.0;
				PRODUCT_BUNDLE_IDENTIFIER = com.denizcengiz.LetsEat;
				PRODUCT_NAME = "$(TARGET_NAME)";
				SWIFT_EMIT_LOC_STRINGS = YES;
				SWIFT_VERSION = 5.0;
				TARGETED_DEVICE_FAMILY = "1,2";
			};
			name = Release;
		};
/* End XCBuildConfiguration section */

/* Begin XCConfigurationList section */
		FB5678862816EFC000EB01EC /* Build configuration list for PBXProject "LetsEat" */ = {
			isa = XCConfigurationList;
			buildConfigurations = (
				FB56789D2816EFC500EB01EC /* Debug */,
				FB56789E2816EFC500EB01EC /* Release */,
			);
			defaultConfigurationIsVisible = 0;
			defaultConfigurationName = Release;
		};
		FB56789F2816EFC500EB01EC /* Build configuration list for PBXNativeTarget "LetsEat" */ = {
			isa = XCConfigurationList;
			buildConfigurations = (
				FB5678A02816EFC500EB01EC /* Debug */,
				FB5678A12816EFC500EB01EC /* Release */,
			);
			defaultConfigurationIsVisible = 0;
			defaultConfigurationName = Release;
		};
/* End XCConfigurationList section */
	};
	rootObject = FB5678832816EFC000EB01EC /* Project object */;
}
